{
  "version": "v1",
  "packages": {
    "ft-clipboard-behavior": {
      "signature": "9b826472ad4236793dc45981c9215d74",
      "file": true
    },
    "ft-confirmation-dialog": {
      "signature": "a713a4bf5bdae8839e76001abe2ac659",
      "file": true
    },
    "ft-form-panel": {
      "signature": "60da8b8aeddc76dd33a370a07adca0fa",
      "file": true
    },
    "ft-error-behavior": {
      "signature": "1b335d84711be52d0d40e327e3c1e76a",
      "file": true
    },
    "ft-element-demo": {
      "signature": "b246107b96990bfddd35a67af1d387b5",
      "file": true
    },
    "ft-http-behavior": {
      "signature": "43ccf0b053cd81cc1edefea84505c2ef",
      "file": true
    },
    "ft-labeled-icon-button": {
      "signature": "3bdce6f831e164c93c1d90acdd7db85f",
      "file": true
    },
    "ft-url-param-behavior": {
      "signature": "730fa4382567504df2c83e5e7890e702",
      "file": true
    }
  }
}