{
  "version": "v1",
  "packages": {
    "ft-clipboard-behavior": {
      "signature": "0fd9fb41098c84fbd2575112c267b954",
      "file": true
    },
    "ft-confirmation-dialog": {
      "signature": "9ccdaa49a0e3ce7d5e933490bb795bf4",
      "file": true
    },
    "ft-form-panel": {
      "signature": "cd41142c6477660c209384ba4c5c4994",
      "file": true
    },
    "ft-error-behavior": {
      "signature": "6ff4479cae98ebbe8f5684867a9f415e",
      "file": true
    },
    "ft-element-demo": {
      "signature": "0a85f56af66c83190f4a7b563c318c55",
      "file": true
    },
    "ft-http-behavior": {
      "signature": "99372eeb8f83b2efedf63854c55cef4f",
      "file": true
    },
    "ft-labeled-icon-button": {
      "signature": "40102ff35b04fbf34029982d02053327",
      "file": true
    },
    "ft-url-param-behavior": {
      "signature": "75fa6bf10f22dfe6a291613a2278e6fd",
      "file": true
    }
  }
}